
Microsoft Visual Studio Solution File, Format Version 12.00
# Visual Studio 15
VisualStudioVersion = 15.0.27130.2003
MinimumVisualStudioVersion = 10.0.40219.1
Project("{FAE04EC0-301F-11D3-BF4B-00C04F79EFBC}") = "AbstractPizzeriaModel", "AbstractPizzeria\AbstractPizzeriaModel.csproj", "{2D169676-5018-40A8-92BD-6AF34B4C0C4F}"
EndProject
Project("{FAE04EC0-301F-11D3-BF4B-00C04F79EFBC}") = "AbstractPizzeriaView", "AbstractPizzeriaView\AbstractPizzeriaView.csproj", "{C4BB0602-ECDC-40E4-9D83-7968DF121A4C}"
EndProject
Project("{FAE04EC0-301F-11D3-BF4B-00C04F79EFBC}") = "AbstractPizzeriaService", "AbstractPizzeriaService\AbstractPizzeriaService.csproj", "{68821699-B1C7-400F-8288-5570295EC566}"
EndProject
Project("{FAE04EC0-301F-11D3-BF4B-00C04F79EFBC}") = "AbstractPizzeriaRestApi", "AbstractPizzeriaRestApi\AbstractPizzeriaRestApi.csproj", "{9C581264-C36D-4B50-805E-EDBDE01EC6C2}"
EndProject
Global
	GlobalSection(SolutionConfigurationPlatforms) = preSolution
		Debug|Any CPU = Debug|Any CPU
		Release|Any CPU = Release|Any CPU
	EndGlobalSection
	GlobalSection(ProjectConfigurationPlatforms) = postSolution
		{2D169676-5018-40A8-92BD-6AF34B4C0C4F}.Debug|Any CPU.ActiveCfg = Debug|Any CPU
		{2D169676-5018-40A8-92BD-6AF34B4C0C4F}.Debug|Any CPU.Build.0 = Debug|Any CPU
		{2D169676-5018-40A8-92BD-6AF34B4C0C4F}.Release|Any CPU.ActiveCfg = Release|Any CPU
		{2D169676-5018-40A8-92BD-6AF34B4C0C4F}.Release|Any CPU.Build.0 = Release|Any CPU
		{C4BB0602-ECDC-40E4-9D83-7968DF121A4C}.Debug|Any CPU.ActiveCfg = Debug|Any CPU
		{C4BB0602-ECDC-40E4-9D83-7968DF121A4C}.Debug|Any CPU.Build.0 = Debug|Any CPU
		{C4BB0602-ECDC-40E4-9D83-7968DF121A4C}.Release|Any CPU.ActiveCfg = Release|Any CPU
		{C4BB0602-ECDC-40E4-9D83-7968DF121A4C}.Release|Any CPU.Build.0 = Release|Any CPU
		{68821699-B1C7-400F-8288-5570295EC566}.Debug|Any CPU.ActiveCfg = Debug|Any CPU
		{68821699-B1C7-400F-8288-5570295EC566}.Debug|Any CPU.Build.0 = Debug|Any CPU
		{68821699-B1C7-400F-8288-5570295EC566}.Release|Any CPU.ActiveCfg = Release|Any CPU
		{68821699-B1C7-400F-8288-5570295EC566}.Release|Any CPU.Build.0 = Release|Any CPU
		{9C581264-C36D-4B50-805E-EDBDE01EC6C2}.Debug|Any CPU.ActiveCfg = Debug|Any CPU
		{9C581264-C36D-4B50-805E-EDBDE01EC6C2}.Debug|Any CPU.Build.0 = Debug|Any CPU
		{9C581264-C36D-4B50-805E-EDBDE01EC6C2}.Release|Any CPU.ActiveCfg = Release|Any CPU
		{9C581264-C36D-4B50-805E-EDBDE01EC6C2}.Release|Any CPU.Build.0 = Release|Any CPU
	EndGlobalSection
	GlobalSection(SolutionProperties) = preSolution
		HideSolutionNode = FALSE
	EndGlobalSection
	GlobalSection(ExtensibilityGlobals) = postSolution
		SolutionGuid = {3AF6FB03-0F39-4565-83B7-EE2EE1651357}
	EndGlobalSection
EndGlobal
